{
  "version": 4,
  "terraform_version": "1.0.9",
  "serial": 4,
  "lineage": "b011f009-cb80-d18f-c74a-c852ece43063",
  "outputs": {
    "ip_address": {
      "value": "159.223.21.87",
      "type": "string"
    }
  },
  "resources": [
    {
      "mode": "managed",
      "type": "digitalocean_droplet",
      "name": "wenoserver",
      "provider": "provider[\"registry.terraform.io/digitalocean/digitalocean\"]",
      "instances": [
        {
          "schema_version": 1,
          "attributes": {
            "backups": false,
            "created_at": "2021-10-17T17:02:10Z",
            "disk": 25,
            "droplet_agent": null,
            "graceful_shutdown": false,
            "id": "269677829",
            "image": "ubuntu-18-04-x64",
            "ipv4_address": "159.223.21.87",
            "ipv4_address_private": "10.114.0.3",
            "ipv6": false,
            "ipv6_address": "",
            "locked": false,
            "memory": 1024,
            "monitoring": false,
            "name": "wenoserver",
            "price_hourly": 0.00744,
            "price_monthly": 5,
            "private_networking": true,
            "region": "fra1",
            "resize_disk": true,
            "size": "s-1vcpu-1gb",
            "ssh_keys": [
              "10:aa:d5:88:3a:18:4f:4b:bf:68:4d:b2:ac:37:23:11"
            ],
            "status": "active",
            "tags": null,
            "urn": "do:droplet:269677829",
            "user_data": null,
            "vcpus": 1,
            "volume_ids": [],
            "vpc_uuid": "f764f9ce-afe8-425f-9875-6540cd6cdcdc"
          },
          "sensitive_attributes": [],
          "private": "eyJzY2hlbWFfdmVyc2lvbiI6IjEifQ=="
        }
      ]
    },
    {
      "mode": "managed",
      "type": "digitalocean_volume",
      "name": "wenoserver-volume-1",
      "provider": "provider[\"registry.terraform.io/digitalocean/digitalocean\"]",
      "instances": [
        {
          "schema_version": 0,
          "attributes": {
            "description": "wenoserver volume 1",
            "droplet_ids": [],
            "filesystem_label": null,
            "filesystem_type": "ext4",
            "id": "f7ba8e00-2f6b-11ec-94bb-0a58ac14d158",
            "initial_filesystem_label": null,
            "initial_filesystem_type": "ext4",
            "name": "wenoserver-volume-1",
            "region": "fra1",
            "size": 2,
            "snapshot_id": null,
            "tags": null,
            "urn": "do:volume:f7ba8e00-2f6b-11ec-94bb-0a58ac14d158"
          },
          "sensitive_attributes": [],
          "private": "bnVsbA=="
        }
      ]
    },
    {
      "mode": "managed",
      "type": "digitalocean_volume_attachment",
      "name": "wenoserver-volume-1",
      "provider": "provider[\"registry.terraform.io/digitalocean/digitalocean\"]",
      "instances": [
        {
          "schema_version": 0,
          "attributes": {
            "droplet_id": 269677829,
            "id": "269677829-f7ba8e00-2f6b-11ec-94bb-0a58ac14d158-20211017170258133100000001",
            "volume_id": "f7ba8e00-2f6b-11ec-94bb-0a58ac14d158"
          },
          "sensitive_attributes": [],
          "private": "bnVsbA==",
          "dependencies": [
            "digitalocean_droplet.wenoserver",
            "digitalocean_volume.wenoserver-volume-1"
          ]
        }
      ]
    }
  ]
}
